
Microsoft Visual Studio Solution File, Format Version 12.00
# Visual Studio 15
VisualStudioVersion = 15.0.28307.271
MinimumVisualStudioVersion = 10.0.40219.1
Project("{FAE04EC0-301F-11D3-BF4B-00C04F79EFBC}") = "FlooringMastery.UI", "FlooringMastery\FlooringMastery.UI.csproj", "{B2E1D5A8-1033-439D-98B1-86F7B1FCC052}"
EndProject
Project("{FAE04EC0-301F-11D3-BF4B-00C04F79EFBC}") = "FlooringMastery.BLL", "FlooringMaster.BLL\FlooringMastery.BLL.csproj", "{22705357-245F-4ED0-8F66-528397571E58}"
EndProject
Project("{FAE04EC0-301F-11D3-BF4B-00C04F79EFBC}") = "FlooringMastery.Data", "FlooringMastery.Data\FlooringMastery.Data.csproj", "{52044CE6-E614-49F3-9DAF-F4CFB758F5D3}"
EndProject
Project("{FAE04EC0-301F-11D3-BF4B-00C04F79EFBC}") = "FlooringMastery.Models", "FlooringMaster.Models\FlooringMastery.Models.csproj", "{B6D67537-1451-4192-A338-8786629757F9}"
EndProject
Project("{FAE04EC0-301F-11D3-BF4B-00C04F79EFBC}") = "FlooringMastery.Tests", "FlooringMastery.Tests\FlooringMastery.Tests.csproj", "{7852EC95-2287-4CA5-B68A-BD792110D502}"
EndProject
Global
	GlobalSection(SolutionConfigurationPlatforms) = preSolution
		Debug|Any CPU = Debug|Any CPU
		Release|Any CPU = Release|Any CPU
	EndGlobalSection
	GlobalSection(ProjectConfigurationPlatforms) = postSolution
		{B2E1D5A8-1033-439D-98B1-86F7B1FCC052}.Debug|Any CPU.ActiveCfg = Debug|Any CPU
		{B2E1D5A8-1033-439D-98B1-86F7B1FCC052}.Debug|Any CPU.Build.0 = Debug|Any CPU
		{B2E1D5A8-1033-439D-98B1-86F7B1FCC052}.Release|Any CPU.ActiveCfg = Release|Any CPU
		{B2E1D5A8-1033-439D-98B1-86F7B1FCC052}.Release|Any CPU.Build.0 = Release|Any CPU
		{22705357-245F-4ED0-8F66-528397571E58}.Debug|Any CPU.ActiveCfg = Debug|Any CPU
		{22705357-245F-4ED0-8F66-528397571E58}.Debug|Any CPU.Build.0 = Debug|Any CPU
		{22705357-245F-4ED0-8F66-528397571E58}.Release|Any CPU.ActiveCfg = Release|Any CPU
		{22705357-245F-4ED0-8F66-528397571E58}.Release|Any CPU.Build.0 = Release|Any CPU
		{52044CE6-E614-49F3-9DAF-F4CFB758F5D3}.Debug|Any CPU.ActiveCfg = Debug|Any CPU
		{52044CE6-E614-49F3-9DAF-F4CFB758F5D3}.Debug|Any CPU.Build.0 = Debug|Any CPU
		{52044CE6-E614-49F3-9DAF-F4CFB758F5D3}.Release|Any CPU.ActiveCfg = Release|Any CPU
		{52044CE6-E614-49F3-9DAF-F4CFB758F5D3}.Release|Any CPU.Build.0 = Release|Any CPU
		{B6D67537-1451-4192-A338-8786629757F9}.Debug|Any CPU.ActiveCfg = Debug|Any CPU
		{B6D67537-1451-4192-A338-8786629757F9}.Debug|Any CPU.Build.0 = Debug|Any CPU
		{B6D67537-1451-4192-A338-8786629757F9}.Release|Any CPU.ActiveCfg = Release|Any CPU
		{B6D67537-1451-4192-A338-8786629757F9}.Release|Any CPU.Build.0 = Release|Any CPU
		{7852EC95-2287-4CA5-B68A-BD792110D502}.Debug|Any CPU.ActiveCfg = Debug|Any CPU
		{7852EC95-2287-4CA5-B68A-BD792110D502}.Debug|Any CPU.Build.0 = Debug|Any CPU
		{7852EC95-2287-4CA5-B68A-BD792110D502}.Release|Any CPU.ActiveCfg = Release|Any CPU
		{7852EC95-2287-4CA5-B68A-BD792110D502}.Release|Any CPU.Build.0 = Release|Any CPU
	EndGlobalSection
	GlobalSection(SolutionProperties) = preSolution
		HideSolutionNode = FALSE
	EndGlobalSection
	GlobalSection(ExtensibilityGlobals) = postSolution
		SolutionGuid = {3807E9A2-F684-46AC-8024-4E6A51A734F7}
	EndGlobalSection
EndGlobal
